
Microsoft Visual Studio Solution File, Format Version 12.00
# Visual Studio Version 16
VisualStudioVersion = 16.0.29911.84
MinimumVisualStudioVersion = 10.0.40219.1
Project("{FAE04EC0-301F-11D3-BF4B-00C04F79EFBC}") = "T9SpellingLib.Tests", "T9SpellingLib.Tests\T9SpellingLib.Tests.csproj", "{08FF35DC-8AD2-428E-A1CA-D98093D938EA}"
EndProject
Project("{FAE04EC0-301F-11D3-BF4B-00C04F79EFBC}") = "T9SpellingLib", "T9SpellingLib\T9SpellingLib.csproj", "{486AA594-5499-4C3B-84E1-ED0A564CAC00}"
EndProject
Project("{FAE04EC0-301F-11D3-BF4B-00C04F79EFBC}") = "T9SpellingLib.App", "T9SpellingLib.App\T9SpellingLib.App.csproj", "{A0DA5C86-3C84-4C29-917B-592CCB247A1E}"
EndProject
Global
	GlobalSection(SolutionConfigurationPlatforms) = preSolution
		Debug|Any CPU = Debug|Any CPU
		Release|Any CPU = Release|Any CPU
	EndGlobalSection
	GlobalSection(ProjectConfigurationPlatforms) = postSolution
		{08FF35DC-8AD2-428E-A1CA-D98093D938EA}.Debug|Any CPU.ActiveCfg = Debug|Any CPU
		{08FF35DC-8AD2-428E-A1CA-D98093D938EA}.Debug|Any CPU.Build.0 = Debug|Any CPU
		{08FF35DC-8AD2-428E-A1CA-D98093D938EA}.Release|Any CPU.ActiveCfg = Release|Any CPU
		{08FF35DC-8AD2-428E-A1CA-D98093D938EA}.Release|Any CPU.Build.0 = Release|Any CPU
		{486AA594-5499-4C3B-84E1-ED0A564CAC00}.Debug|Any CPU.ActiveCfg = Debug|Any CPU
		{486AA594-5499-4C3B-84E1-ED0A564CAC00}.Debug|Any CPU.Build.0 = Debug|Any CPU
		{486AA594-5499-4C3B-84E1-ED0A564CAC00}.Release|Any CPU.ActiveCfg = Release|Any CPU
		{486AA594-5499-4C3B-84E1-ED0A564CAC00}.Release|Any CPU.Build.0 = Release|Any CPU
		{A0DA5C86-3C84-4C29-917B-592CCB247A1E}.Debug|Any CPU.ActiveCfg = Debug|Any CPU
		{A0DA5C86-3C84-4C29-917B-592CCB247A1E}.Debug|Any CPU.Build.0 = Debug|Any CPU
		{A0DA5C86-3C84-4C29-917B-592CCB247A1E}.Release|Any CPU.ActiveCfg = Release|Any CPU
		{A0DA5C86-3C84-4C29-917B-592CCB247A1E}.Release|Any CPU.Build.0 = Release|Any CPU
	EndGlobalSection
	GlobalSection(SolutionProperties) = preSolution
		HideSolutionNode = FALSE
	EndGlobalSection
	GlobalSection(ExtensibilityGlobals) = postSolution
		SolutionGuid = {3DC7138C-441B-4FB9-94B2-3FFF9B9371FD}
	EndGlobalSection
EndGlobal
